
Microsoft Visual Studio Solution File, Format Version 12.00
# Visual Studio Version 16
VisualStudioVersion = 16.0.31205.134
MinimumVisualStudioVersion = 10.0.40219.1
Project("{9A19103F-16F7-4668-BE54-9A1E7A4F7556}") = "ZombieSurvivalSocialNetwork", "ZombieSurvivalSocialNetwork\ZombieSurvivalSocialNetwork.csproj", "{04839404-F59C-4BA0-9B17-0EAB3D15DED8}"
EndProject
Project("{FAE04EC0-301F-11D3-BF4B-00C04F79EFBC}") = "ZombieTest", "ZombieTest\ZombieTest.csproj", "{56430A2B-5D1D-4050-B6CA-8245284BFED9}"
EndProject
Global
	GlobalSection(SolutionConfigurationPlatforms) = preSolution
		Debug|Any CPU = Debug|Any CPU
		Release|Any CPU = Release|Any CPU
	EndGlobalSection
	GlobalSection(ProjectConfigurationPlatforms) = postSolution
		{04839404-F59C-4BA0-9B17-0EAB3D15DED8}.Debug|Any CPU.ActiveCfg = Debug|Any CPU
		{04839404-F59C-4BA0-9B17-0EAB3D15DED8}.Debug|Any CPU.Build.0 = Debug|Any CPU
		{04839404-F59C-4BA0-9B17-0EAB3D15DED8}.Release|Any CPU.ActiveCfg = Release|Any CPU
		{04839404-F59C-4BA0-9B17-0EAB3D15DED8}.Release|Any CPU.Build.0 = Release|Any CPU
		{56430A2B-5D1D-4050-B6CA-8245284BFED9}.Debug|Any CPU.ActiveCfg = Debug|Any CPU
		{56430A2B-5D1D-4050-B6CA-8245284BFED9}.Debug|Any CPU.Build.0 = Debug|Any CPU
		{56430A2B-5D1D-4050-B6CA-8245284BFED9}.Release|Any CPU.ActiveCfg = Release|Any CPU
		{56430A2B-5D1D-4050-B6CA-8245284BFED9}.Release|Any CPU.Build.0 = Release|Any CPU
	EndGlobalSection
	GlobalSection(SolutionProperties) = preSolution
		HideSolutionNode = FALSE
	EndGlobalSection
	GlobalSection(ExtensibilityGlobals) = postSolution
		SolutionGuid = {3E9989FF-8AF2-42CE-B0E0-EE6CD99632BA}
	EndGlobalSection
EndGlobal
